# THIS IS AN AUTOGENERATED FILE. DO NOT EDIT THIS FILE DIRECTLY.
# yarn lockfile v1


svelte-cli@^1.0.2:
  version "1.0.2"
  resolved "https://registry.yarnpkg.com/svelte-cli/-/svelte-cli-1.0.2.tgz#b62b68fc3ffee15e6e5f78361cfd7bcc171d51c6"
  dependencies:
    svelte "^1.0.0"

svelte@^1.0.0:
  version "1.0.7"
  resolved "https://registry.yarnpkg.com/svelte/-/svelte-1.0.7.tgz#a36f1f52ead9d83ace95fe5ad361977510af8909"
